
Microsoft Visual Studio Solution File, Format Version 12.00
# Visual Studio 2015
Project("{FAE04EC0-301F-11D3-BF4B-00C04F79EFBC}") = "Prototype Puzzle Game (mouse)", "Prototype Puzzle Game (mouse).csproj", "{C9D53E2B-6CC2-EE1F-5F25-60C9D494B7D8}"
EndProject
Global
	GlobalSection(SolutionConfigurationPlatforms) = preSolution
		Debug|Any CPU = Debug|Any CPU
		Release|Any CPU = Release|Any CPU
	EndGlobalSection
	GlobalSection(ProjectConfigurationPlatforms) = postSolution
		{C9D53E2B-6CC2-EE1F-5F25-60C9D494B7D8}.Debug|Any CPU.ActiveCfg = Debug|Any CPU
		{C9D53E2B-6CC2-EE1F-5F25-60C9D494B7D8}.Debug|Any CPU.Build.0 = Debug|Any CPU
		{C9D53E2B-6CC2-EE1F-5F25-60C9D494B7D8}.Release|Any CPU.ActiveCfg = Release|Any CPU
		{C9D53E2B-6CC2-EE1F-5F25-60C9D494B7D8}.Release|Any CPU.Build.0 = Release|Any CPU
	EndGlobalSection
	GlobalSection(SolutionProperties) = preSolution
		HideSolutionNode = FALSE
	EndGlobalSection
EndGlobal
